
Microsoft Visual Studio Solution File, Format Version 12.00
# Visual Studio Version 16
VisualStudioVersion = 16.0.30907.101
MinimumVisualStudioVersion = 10.0.40219.1
Project("{9A19103F-16F7-4668-BE54-9A1E7A4F7556}") = "DataAccess", "DataAccess\DataAccess.csproj", "{2998DD90-D0FA-4341-AB59-AF171A87F357}"
EndProject
Project("{9A19103F-16F7-4668-BE54-9A1E7A4F7556}") = "Business", "Business\Business.csproj", "{ED2FDE6F-47BE-4CE5-A758-9C9FEA11BB51}"
EndProject
Project("{9A19103F-16F7-4668-BE54-9A1E7A4F7556}") = "Entities", "Entities\Entities.csproj", "{6F67F1E3-E911-4F24-BBAC-57533D8CE783}"
EndProject
Project("{9A19103F-16F7-4668-BE54-9A1E7A4F7556}") = "ConsoleUI", "ConsoleUI\ConsoleUI.csproj", "{7773263A-0797-4D42-85A1-D14C20A472ED}"
EndProject
Project("{FAE04EC0-301F-11D3-BF4B-00C04F79EFBC}") = "Core", "Core\Core.csproj", "{1193A9C5-E2F8-4427-8CF5-F98EBB82AD69}"
EndProject
Global
	GlobalSection(SolutionConfigurationPlatforms) = preSolution
		Debug|Any CPU = Debug|Any CPU
		Release|Any CPU = Release|Any CPU
	EndGlobalSection
	GlobalSection(ProjectConfigurationPlatforms) = postSolution
		{2998DD90-D0FA-4341-AB59-AF171A87F357}.Debug|Any CPU.ActiveCfg = Debug|Any CPU
		{2998DD90-D0FA-4341-AB59-AF171A87F357}.Debug|Any CPU.Build.0 = Debug|Any CPU
		{2998DD90-D0FA-4341-AB59-AF171A87F357}.Release|Any CPU.ActiveCfg = Release|Any CPU
		{2998DD90-D0FA-4341-AB59-AF171A87F357}.Release|Any CPU.Build.0 = Release|Any CPU
		{ED2FDE6F-47BE-4CE5-A758-9C9FEA11BB51}.Debug|Any CPU.ActiveCfg = Debug|Any CPU
		{ED2FDE6F-47BE-4CE5-A758-9C9FEA11BB51}.Debug|Any CPU.Build.0 = Debug|Any CPU
		{ED2FDE6F-47BE-4CE5-A758-9C9FEA11BB51}.Release|Any CPU.ActiveCfg = Release|Any CPU
		{ED2FDE6F-47BE-4CE5-A758-9C9FEA11BB51}.Release|Any CPU.Build.0 = Release|Any CPU
		{6F67F1E3-E911-4F24-BBAC-57533D8CE783}.Debug|Any CPU.ActiveCfg = Debug|Any CPU
		{6F67F1E3-E911-4F24-BBAC-57533D8CE783}.Debug|Any CPU.Build.0 = Debug|Any CPU
		{6F67F1E3-E911-4F24-BBAC-57533D8CE783}.Release|Any CPU.ActiveCfg = Release|Any CPU
		{6F67F1E3-E911-4F24-BBAC-57533D8CE783}.Release|Any CPU.Build.0 = Release|Any CPU
		{7773263A-0797-4D42-85A1-D14C20A472ED}.Debug|Any CPU.ActiveCfg = Debug|Any CPU
		{7773263A-0797-4D42-85A1-D14C20A472ED}.Debug|Any CPU.Build.0 = Debug|Any CPU
		{7773263A-0797-4D42-85A1-D14C20A472ED}.Release|Any CPU.ActiveCfg = Release|Any CPU
		{7773263A-0797-4D42-85A1-D14C20A472ED}.Release|Any CPU.Build.0 = Release|Any CPU
		{1193A9C5-E2F8-4427-8CF5-F98EBB82AD69}.Debug|Any CPU.ActiveCfg = Debug|Any CPU
		{1193A9C5-E2F8-4427-8CF5-F98EBB82AD69}.Debug|Any CPU.Build.0 = Debug|Any CPU
		{1193A9C5-E2F8-4427-8CF5-F98EBB82AD69}.Release|Any CPU.ActiveCfg = Release|Any CPU
		{1193A9C5-E2F8-4427-8CF5-F98EBB82AD69}.Release|Any CPU.Build.0 = Release|Any CPU
	EndGlobalSection
	GlobalSection(SolutionProperties) = preSolution
		HideSolutionNode = FALSE
	EndGlobalSection
	GlobalSection(ExtensibilityGlobals) = postSolution
		SolutionGuid = {334FABC1-5B33-4DC2-9A8E-31C1872B4337}
	EndGlobalSection
EndGlobal
